
Microsoft Visual Studio Solution File, Format Version 12.00
# Visual Studio Version 17
VisualStudioVersion = 17.5.002.0
MinimumVisualStudioVersion = 10.0.40219.1
Project("{9A19103F-16F7-4668-BE54-9A1E7A4F7556}") = "leet", "leet.csproj", "{CDA12D95-5752-47D8-83CF-9A34C50ADB10}"
EndProject
Global
	GlobalSection(SolutionConfigurationPlatforms) = preSolution
		Debug|Any CPU = Debug|Any CPU
		Release|Any CPU = Release|Any CPU
	EndGlobalSection
	GlobalSection(ProjectConfigurationPlatforms) = postSolution
		{CDA12D95-5752-47D8-83CF-9A34C50ADB10}.Debug|Any CPU.ActiveCfg = Debug|Any CPU
		{CDA12D95-5752-47D8-83CF-9A34C50ADB10}.Debug|Any CPU.Build.0 = Debug|Any CPU
		{CDA12D95-5752-47D8-83CF-9A34C50ADB10}.Release|Any CPU.ActiveCfg = Release|Any CPU
		{CDA12D95-5752-47D8-83CF-9A34C50ADB10}.Release|Any CPU.Build.0 = Release|Any CPU
	EndGlobalSection
	GlobalSection(SolutionProperties) = preSolution
		HideSolutionNode = FALSE
	EndGlobalSection
	GlobalSection(ExtensibilityGlobals) = postSolution
		SolutionGuid = {020F16F8-D76E-42D6-A8CE-9ADDEC9E1D90}
	EndGlobalSection
EndGlobal
